
Microsoft Visual Studio Solution File, Format Version 12.00
# Visual Studio 2013
VisualStudioVersion = 12.0.31101.0
MinimumVisualStudioVersion = 10.0.40219.1
Project("{FAE04EC0-301F-11D3-BF4B-00C04F79EFBC}") = "MobileAppsFilesSample.Droid", "Droid\MobileAppsFilesSample.Droid.csproj", "{34B9099E-4B00-4707-BFDE-0B95997F8893}"
EndProject
Project("{2150E333-8FDC-42A3-9474-1A3956D46DE8}") = ".nuget", ".nuget", "{EBA518BC-A0E7-4E49-A812-FD3DF1FEA223}"
	ProjectSection(SolutionItems) = preProject
		.nuget\NuGet.Config = .nuget\NuGet.Config
		.nuget\NuGet.exe = .nuget\NuGet.exe
		.nuget\NuGet.targets = .nuget\NuGet.targets
	EndProjectSection
EndProject
Global
	GlobalSection(SolutionConfigurationPlatforms) = preSolution
		Debug|Any CPU = Debug|Any CPU
		Debug|ARM = Debug|ARM
		Debug|iPhone = Debug|iPhone
		Debug|iPhoneSimulator = Debug|iPhoneSimulator
		Debug|Mixed Platforms = Debug|Mixed Platforms
		Debug|x64 = Debug|x64
		Debug|x86 = Debug|x86
		Release|Any CPU = Release|Any CPU
		Release|ARM = Release|ARM
		Release|iPhone = Release|iPhone
		Release|iPhoneSimulator = Release|iPhoneSimulator
		Release|Mixed Platforms = Release|Mixed Platforms
		Release|x64 = Release|x64
		Release|x86 = Release|x86
	EndGlobalSection
	GlobalSection(ProjectConfigurationPlatforms) = postSolution
		{34B9099E-4B00-4707-BFDE-0B95997F8893}.Debug|Any CPU.ActiveCfg = Debug|Any CPU
		{34B9099E-4B00-4707-BFDE-0B95997F8893}.Debug|Any CPU.Build.0 = Debug|Any CPU
		{34B9099E-4B00-4707-BFDE-0B95997F8893}.Debug|Any CPU.Deploy.0 = Debug|Any CPU
		{34B9099E-4B00-4707-BFDE-0B95997F8893}.Debug|ARM.ActiveCfg = Debug|Any CPU
		{34B9099E-4B00-4707-BFDE-0B95997F8893}.Debug|iPhone.ActiveCfg = Debug|Any CPU
		{34B9099E-4B00-4707-BFDE-0B95997F8893}.Debug|iPhone.Build.0 = Debug|Any CPU
		{34B9099E-4B00-4707-BFDE-0B95997F8893}.Debug|iPhoneSimulator.ActiveCfg = Debug|Any CPU
		{34B9099E-4B00-4707-BFDE-0B95997F8893}.Debug|iPhoneSimulator.Build.0 = Debug|Any CPU
		{34B9099E-4B00-4707-BFDE-0B95997F8893}.Debug|Mixed Platforms.ActiveCfg = Debug|Any CPU
		{34B9099E-4B00-4707-BFDE-0B95997F8893}.Debug|Mixed Platforms.Build.0 = Debug|Any CPU
		{34B9099E-4B00-4707-BFDE-0B95997F8893}.Debug|Mixed Platforms.Deploy.0 = Debug|Any CPU
		{34B9099E-4B00-4707-BFDE-0B95997F8893}.Debug|x64.ActiveCfg = Debug|Any CPU
		{34B9099E-4B00-4707-BFDE-0B95997F8893}.Debug|x86.ActiveCfg = Debug|Any CPU
		{34B9099E-4B00-4707-BFDE-0B95997F8893}.Release|Any CPU.ActiveCfg = Release|Any CPU
		{34B9099E-4B00-4707-BFDE-0B95997F8893}.Release|Any CPU.Build.0 = Release|Any CPU
		{34B9099E-4B00-4707-BFDE-0B95997F8893}.Release|ARM.ActiveCfg = Release|Any CPU
		{34B9099E-4B00-4707-BFDE-0B95997F8893}.Release|iPhone.ActiveCfg = Release|Any CPU
		{34B9099E-4B00-4707-BFDE-0B95997F8893}.Release|iPhone.Build.0 = Release|Any CPU
		{34B9099E-4B00-4707-BFDE-0B95997F8893}.Release|iPhoneSimulator.ActiveCfg = Release|Any CPU
		{34B9099E-4B00-4707-BFDE-0B95997F8893}.Release|iPhoneSimulator.Build.0 = Release|Any CPU
		{34B9099E-4B00-4707-BFDE-0B95997F8893}.Release|Mixed Platforms.ActiveCfg = Release|Any CPU
		{34B9099E-4B00-4707-BFDE-0B95997F8893}.Release|Mixed Platforms.Build.0 = Release|Any CPU
		{34B9099E-4B00-4707-BFDE-0B95997F8893}.Release|Mixed Platforms.Deploy.0 = Release|Any CPU
		{34B9099E-4B00-4707-BFDE-0B95997F8893}.Release|x64.ActiveCfg = Release|Any CPU
		{34B9099E-4B00-4707-BFDE-0B95997F8893}.Release|x86.ActiveCfg = Release|Any CPU
	EndGlobalSection
	GlobalSection(SolutionProperties) = preSolution
		HideSolutionNode = FALSE
	EndGlobalSection
EndGlobal
